
Microsoft Visual Studio Solution File, Format Version 12.00
# Visual Studio Version 17
VisualStudioVersion = 17.3.32825.248
MinimumVisualStudioVersion = 10.0.40219.1
Project("{FAE04EC0-301F-11D3-BF4B-00C04F79EFBC}") = "MalinsProjectVT23", "MalinsProjectVT23\MalinsProjectVT23.csproj", "{E92C9C2C-0A54-4CC7-9631-8B83FF4CDE5F}"
EndProject
Project("{FAE04EC0-301F-11D3-BF4B-00C04F79EFBC}") = "ClassLibraryCalculations", "ClassLibraryCalculations\ClassLibraryCalculations.csproj", "{6953166E-45AE-4BA8-B915-CCB379CB1998}"
EndProject
Project("{FAE04EC0-301F-11D3-BF4B-00C04F79EFBC}") = "ClassLibraryErrorHandling", "ClassLibraryErrorHandling\ClassLibraryErrorHandling.csproj", "{61520976-7EB8-4D58-8194-041BC137683C}"
EndProject
Global
	GlobalSection(SolutionConfigurationPlatforms) = preSolution
		Debug|Any CPU = Debug|Any CPU
		Release|Any CPU = Release|Any CPU
	EndGlobalSection
	GlobalSection(ProjectConfigurationPlatforms) = postSolution
		{E92C9C2C-0A54-4CC7-9631-8B83FF4CDE5F}.Debug|Any CPU.ActiveCfg = Debug|Any CPU
		{E92C9C2C-0A54-4CC7-9631-8B83FF4CDE5F}.Debug|Any CPU.Build.0 = Debug|Any CPU
		{E92C9C2C-0A54-4CC7-9631-8B83FF4CDE5F}.Release|Any CPU.ActiveCfg = Release|Any CPU
		{E92C9C2C-0A54-4CC7-9631-8B83FF4CDE5F}.Release|Any CPU.Build.0 = Release|Any CPU
		{6953166E-45AE-4BA8-B915-CCB379CB1998}.Debug|Any CPU.ActiveCfg = Debug|Any CPU
		{6953166E-45AE-4BA8-B915-CCB379CB1998}.Debug|Any CPU.Build.0 = Debug|Any CPU
		{6953166E-45AE-4BA8-B915-CCB379CB1998}.Release|Any CPU.ActiveCfg = Release|Any CPU
		{6953166E-45AE-4BA8-B915-CCB379CB1998}.Release|Any CPU.Build.0 = Release|Any CPU
		{61520976-7EB8-4D58-8194-041BC137683C}.Debug|Any CPU.ActiveCfg = Debug|Any CPU
		{61520976-7EB8-4D58-8194-041BC137683C}.Debug|Any CPU.Build.0 = Debug|Any CPU
		{61520976-7EB8-4D58-8194-041BC137683C}.Release|Any CPU.ActiveCfg = Release|Any CPU
		{61520976-7EB8-4D58-8194-041BC137683C}.Release|Any CPU.Build.0 = Release|Any CPU
	EndGlobalSection
	GlobalSection(SolutionProperties) = preSolution
		HideSolutionNode = FALSE
	EndGlobalSection
	GlobalSection(ExtensibilityGlobals) = postSolution
		SolutionGuid = {ACE201F4-C666-4E0B-9714-376F0A952EE5}
	EndGlobalSection
EndGlobal
